
Microsoft Visual Studio Solution File, Format Version 12.00
# Visual Studio Version 16
VisualStudioVersion = 16.0.31702.278
MinimumVisualStudioVersion = 10.0.40219.1
Project("{FAE04EC0-301F-11D3-BF4B-00C04F79EFBC}") = "RG", "RG.csproj", "{72671853-48B7-4DCF-BEAE-9ABFA188A3DD}"
EndProject
Global
	GlobalSection(SolutionConfigurationPlatforms) = preSolution
		Debug|Any CPU = Debug|Any CPU
		Release|Any CPU = Release|Any CPU
	EndGlobalSection
	GlobalSection(ProjectConfigurationPlatforms) = postSolution
		{72671853-48B7-4DCF-BEAE-9ABFA188A3DD}.Debug|Any CPU.ActiveCfg = Debug|Any CPU
		{72671853-48B7-4DCF-BEAE-9ABFA188A3DD}.Debug|Any CPU.Build.0 = Debug|Any CPU
		{72671853-48B7-4DCF-BEAE-9ABFA188A3DD}.Release|Any CPU.ActiveCfg = Release|Any CPU
		{72671853-48B7-4DCF-BEAE-9ABFA188A3DD}.Release|Any CPU.Build.0 = Release|Any CPU
	EndGlobalSection
	GlobalSection(SolutionProperties) = preSolution
		HideSolutionNode = FALSE
	EndGlobalSection
	GlobalSection(ExtensibilityGlobals) = postSolution
		SolutionGuid = {7840E9A8-7BFA-435C-949E-D066252B6389}
	EndGlobalSection
EndGlobal
